
Microsoft Visual Studio Solution File, Format Version 12.00
# Visual Studio Version 16
VisualStudioVersion = 16.0.30717.126
MinimumVisualStudioVersion = 10.0.40219.1
Project("{9A19103F-16F7-4668-BE54-9A1E7A4F7556}") = "Question6", "Question6.csproj", "{E90BB825-960F-4BDA-B2D8-DB3C4D34EE93}"
EndProject
Global
	GlobalSection(SolutionConfigurationPlatforms) = preSolution
		Debug|Any CPU = Debug|Any CPU
		Release|Any CPU = Release|Any CPU
	EndGlobalSection
	GlobalSection(ProjectConfigurationPlatforms) = postSolution
		{E90BB825-960F-4BDA-B2D8-DB3C4D34EE93}.Debug|Any CPU.ActiveCfg = Debug|Any CPU
		{E90BB825-960F-4BDA-B2D8-DB3C4D34EE93}.Debug|Any CPU.Build.0 = Debug|Any CPU
		{E90BB825-960F-4BDA-B2D8-DB3C4D34EE93}.Release|Any CPU.ActiveCfg = Release|Any CPU
		{E90BB825-960F-4BDA-B2D8-DB3C4D34EE93}.Release|Any CPU.Build.0 = Release|Any CPU
	EndGlobalSection
	GlobalSection(SolutionProperties) = preSolution
		HideSolutionNode = FALSE
	EndGlobalSection
	GlobalSection(ExtensibilityGlobals) = postSolution
		SolutionGuid = {6A77EAC1-5B77-490C-9E8D-FF67560B925C}
	EndGlobalSection
EndGlobal
