
Microsoft Visual Studio Solution File, Format Version 12.00
# Visual Studio Version 16
VisualStudioVersion = 16.0.30717.126
MinimumVisualStudioVersion = 10.0.40219.1
Project("{9A19103F-16F7-4668-BE54-9A1E7A4F7556}") = "Question5", "Question5.csproj", "{9FC7BA44-AEC3-417F-A112-43D7B4DBC4E5}"
EndProject
Global
	GlobalSection(SolutionConfigurationPlatforms) = preSolution
		Debug|Any CPU = Debug|Any CPU
		Release|Any CPU = Release|Any CPU
	EndGlobalSection
	GlobalSection(ProjectConfigurationPlatforms) = postSolution
		{9FC7BA44-AEC3-417F-A112-43D7B4DBC4E5}.Debug|Any CPU.ActiveCfg = Debug|Any CPU
		{9FC7BA44-AEC3-417F-A112-43D7B4DBC4E5}.Debug|Any CPU.Build.0 = Debug|Any CPU
		{9FC7BA44-AEC3-417F-A112-43D7B4DBC4E5}.Release|Any CPU.ActiveCfg = Release|Any CPU
		{9FC7BA44-AEC3-417F-A112-43D7B4DBC4E5}.Release|Any CPU.Build.0 = Release|Any CPU
	EndGlobalSection
	GlobalSection(SolutionProperties) = preSolution
		HideSolutionNode = FALSE
	EndGlobalSection
	GlobalSection(ExtensibilityGlobals) = postSolution
		SolutionGuid = {893D6403-EEF2-4151-8A9B-989B74A6E0F3}
	EndGlobalSection
EndGlobal
