
Microsoft Visual Studio Solution File, Format Version 12.00
# Visual Studio Version 16
VisualStudioVersion = 16.0.30717.126
MinimumVisualStudioVersion = 10.0.40219.1
Project("{9A19103F-16F7-4668-BE54-9A1E7A4F7556}") = "Question8", "Question8.csproj", "{A51A3CF8-4F14-4CB9-8E43-916CE43EE88B}"
EndProject
Global
	GlobalSection(SolutionConfigurationPlatforms) = preSolution
		Debug|Any CPU = Debug|Any CPU
		Release|Any CPU = Release|Any CPU
	EndGlobalSection
	GlobalSection(ProjectConfigurationPlatforms) = postSolution
		{A51A3CF8-4F14-4CB9-8E43-916CE43EE88B}.Debug|Any CPU.ActiveCfg = Debug|Any CPU
		{A51A3CF8-4F14-4CB9-8E43-916CE43EE88B}.Debug|Any CPU.Build.0 = Debug|Any CPU
		{A51A3CF8-4F14-4CB9-8E43-916CE43EE88B}.Release|Any CPU.ActiveCfg = Release|Any CPU
		{A51A3CF8-4F14-4CB9-8E43-916CE43EE88B}.Release|Any CPU.Build.0 = Release|Any CPU
	EndGlobalSection
	GlobalSection(SolutionProperties) = preSolution
		HideSolutionNode = FALSE
	EndGlobalSection
	GlobalSection(ExtensibilityGlobals) = postSolution
		SolutionGuid = {06054029-8A8E-4DAB-94B3-B36354524424}
	EndGlobalSection
EndGlobal
